
Microsoft Visual Studio Solution File, Format Version 12.00
# Visual Studio Version 17
VisualStudioVersion = 17.2.32602.215
MinimumVisualStudioVersion = 10.0.40219.1
Project("{FAE04EC0-301F-11D3-BF4B-00C04F79EFBC}") = "Radio Waves Simulator", "Radio Waves Simulator\Radio Waves Simulator.csproj", "{84526C87-34D1-45BE-B5F3-A5BA31AE56FF}"
EndProject
Global
	GlobalSection(SolutionConfigurationPlatforms) = preSolution
		Debug|Any CPU = Debug|Any CPU
		Release|Any CPU = Release|Any CPU
	EndGlobalSection
	GlobalSection(ProjectConfigurationPlatforms) = postSolution
		{84526C87-34D1-45BE-B5F3-A5BA31AE56FF}.Debug|Any CPU.ActiveCfg = Debug|Any CPU
		{84526C87-34D1-45BE-B5F3-A5BA31AE56FF}.Debug|Any CPU.Build.0 = Debug|Any CPU
		{84526C87-34D1-45BE-B5F3-A5BA31AE56FF}.Release|Any CPU.ActiveCfg = Release|Any CPU
		{84526C87-34D1-45BE-B5F3-A5BA31AE56FF}.Release|Any CPU.Build.0 = Release|Any CPU
	EndGlobalSection
	GlobalSection(SolutionProperties) = preSolution
		HideSolutionNode = FALSE
	EndGlobalSection
	GlobalSection(ExtensibilityGlobals) = postSolution
		SolutionGuid = {0CC5DE54-A4F1-4058-9540-F4A7DF42021E}
	EndGlobalSection
EndGlobal
